
Microsoft Visual Studio Solution File, Format Version 12.00
# Visual Studio Version 17
VisualStudioVersion = 17.0.31903.59
MinimumVisualStudioVersion = 10.0.40219.1
Project("{9A19103F-16F7-4668-BE54-9A1E7A4F7556}") = "Task1", "Task1\Task1.csproj", "{9548E636-3D95-4A26-B010-DE8D5FC7F2BC}"
EndProject
Project("{FAE04EC0-301F-11D3-BF4B-00C04F79EFBC}") = "WebAPI", "WebAPI\WebAPI.csproj", "{6C31ADE2-9F84-4953-AC39-9668FB9F8E59}"
EndProject
Project("{FAE04EC0-301F-11D3-BF4B-00C04F79EFBC}") = "TestTaskLib", "TestTaskLib\TestTaskLib.csproj", "{66BAEB97-9871-4EBE-91E2-81C31CD5319D}"
EndProject
Global
	GlobalSection(SolutionConfigurationPlatforms) = preSolution
		Debug|Any CPU = Debug|Any CPU
		Release|Any CPU = Release|Any CPU
	EndGlobalSection
	GlobalSection(ProjectConfigurationPlatforms) = postSolution
		{9548E636-3D95-4A26-B010-DE8D5FC7F2BC}.Debug|Any CPU.ActiveCfg = Debug|Any CPU
		{9548E636-3D95-4A26-B010-DE8D5FC7F2BC}.Debug|Any CPU.Build.0 = Debug|Any CPU
		{9548E636-3D95-4A26-B010-DE8D5FC7F2BC}.Release|Any CPU.ActiveCfg = Release|Any CPU
		{9548E636-3D95-4A26-B010-DE8D5FC7F2BC}.Release|Any CPU.Build.0 = Release|Any CPU
		{6C31ADE2-9F84-4953-AC39-9668FB9F8E59}.Debug|Any CPU.ActiveCfg = Debug|Any CPU
		{6C31ADE2-9F84-4953-AC39-9668FB9F8E59}.Debug|Any CPU.Build.0 = Debug|Any CPU
		{6C31ADE2-9F84-4953-AC39-9668FB9F8E59}.Release|Any CPU.ActiveCfg = Release|Any CPU
		{6C31ADE2-9F84-4953-AC39-9668FB9F8E59}.Release|Any CPU.Build.0 = Release|Any CPU
		{66BAEB97-9871-4EBE-91E2-81C31CD5319D}.Debug|Any CPU.ActiveCfg = Debug|Any CPU
		{66BAEB97-9871-4EBE-91E2-81C31CD5319D}.Debug|Any CPU.Build.0 = Debug|Any CPU
		{66BAEB97-9871-4EBE-91E2-81C31CD5319D}.Release|Any CPU.ActiveCfg = Release|Any CPU
		{66BAEB97-9871-4EBE-91E2-81C31CD5319D}.Release|Any CPU.Build.0 = Release|Any CPU
	EndGlobalSection
	GlobalSection(SolutionProperties) = preSolution
		HideSolutionNode = FALSE
	EndGlobalSection
	GlobalSection(ExtensibilityGlobals) = postSolution
		SolutionGuid = {DA89F191-C2FF-4F5F-B02A-ABFE88BAF258}
	EndGlobalSection
EndGlobal
